// !$*UTF8*$!
{
	archiveVersion = 1;
	classes = {
	};
	objectVersion = 56;
	objects = {

/* Begin PBXBuildFile section */
		9282667B739BDB66624D9303 /* Pods_testApp.framework in Frameworks */ = {isa = PBXBuildFile; fileRef = 76021AC91FA6B67A0D14859D /* Pods_testApp.framework */; };
		A2D5E7682A81BDB100E04690 /* AppDelegate.swift in Sources */ = {isa = PBXBuildFile; fileRef = A2D5E7672A81BDB100E04690 /* AppDelegate.swift */; };
		A2D5E76A2A81BDB100E04690 /* SceneDelegate.swift in Sources */ = {isa = PBXBuildFile; fileRef = A2D5E7692A81BDB100E04690 /* SceneDelegate.swift */; };
		A2D5E76C2A81BDB100E04690 /* ViewController.swift in Sources */ = {isa = PBXBuildFile; fileRef = A2D5E76B2A81BDB100E04690 /* ViewController.swift */; };
		A2D5E76F2A81BDB100E04690 /* Main.storyboard in Resources */ = {isa = PBXBuildFile; fileRef = A2D5E76D2A81BDB100E04690 /* Main.storyboard */; };
		A2D5E7712A81BDB300E04690 /* Assets.xcassets in Resources */ = {isa = PBXBuildFile; fileRef = A2D5E7702A81BDB300E04690 /* Assets.xcassets */; };
		A2D5E7742A81BDB300E04690 /* LaunchScreen.storyboard in Resources */ = {isa = PBXBuildFile; fileRef = A2D5E7722A81BDB300E04690 /* LaunchScreen.storyboard */; };
		A2D5E77F2A81BE3900E04690 /* Constants.swift in Sources */ = {isa = PBXBuildFile; fileRef = A2D5E77E2A81BE3900E04690 /* Constants.swift */; };
		A2D5E7812A81C06A00E04690 /* HomeModel.swift in Sources */ = {isa = PBXBuildFile; fileRef = A2D5E7802A81C06A00E04690 /* HomeModel.swift */; };
		A2D5E7832A81C07700E04690 /* HomeManager.swift in Sources */ = {isa = PBXBuildFile; fileRef = A2D5E7822A81C07700E04690 /* HomeManager.swift */; };
		A2D5E7852A81C0FC00E04690 /* ItemCell.swift in Sources */ = {isa = PBXBuildFile; fileRef = A2D5E7842A81C0FC00E04690 /* ItemCell.swift */; };
		A2D5E7872A81C10900E04690 /* BannerCell.swift in Sources */ = {isa = PBXBuildFile; fileRef = A2D5E7862A81C10900E04690 /* BannerCell.swift */; };
		A2D5E7892A81C11F00E04690 /* CategoryCell.swift in Sources */ = {isa = PBXBuildFile; fileRef = A2D5E7882A81C11F00E04690 /* CategoryCell.swift */; };
/* End PBXBuildFile section */

/* Begin PBXFileReference section */
		39AC262CE6EEE00605AF0D40 /* Pods-testApp.debug.xcconfig */ = {isa = PBXFileReference; includeInIndex = 1; lastKnownFileType = text.xcconfig; name = "Pods-testApp.debug.xcconfig"; path = "Target Support Files/Pods-testApp/Pods-testApp.debug.xcconfig"; sourceTree = "<group>"; };
		76021AC91FA6B67A0D14859D /* Pods_testApp.framework */ = {isa = PBXFileReference; explicitFileType = wrapper.framework; includeInIndex = 0; path = Pods_testApp.framework; sourceTree = BUILT_PRODUCTS_DIR; };
		885DE65797DBA2192C590B15 /* Pods-testApp.release.xcconfig */ = {isa = PBXFileReference; includeInIndex = 1; lastKnownFileType = text.xcconfig; name = "Pods-testApp.release.xcconfig"; path = "Target Support Files/Pods-testApp/Pods-testApp.release.xcconfig"; sourceTree = "<group>"; };
		A2D5E7642A81BDB100E04690 /* testApp.app */ = {isa = PBXFileReference; explicitFileType = wrapper.application; includeInIndex = 0; path = testApp.app; sourceTree = BUILT_PRODUCTS_DIR; };
		A2D5E7672A81BDB100E04690 /* AppDelegate.swift */ = {isa = PBXFileReference; lastKnownFileType = sourcecode.swift; path = AppDelegate.swift; sourceTree = "<group>"; };
		A2D5E7692A81BDB100E04690 /* SceneDelegate.swift */ = {isa = PBXFileReference; lastKnownFileType = sourcecode.swift; path = SceneDelegate.swift; sourceTree = "<group>"; };
		A2D5E76B2A81BDB100E04690 /* ViewController.swift */ = {isa = PBXFileReference; lastKnownFileType = sourcecode.swift; path = ViewController.swift; sourceTree = "<group>"; };
		A2D5E76E2A81BDB100E04690 /* Base */ = {isa = PBXFileReference; lastKnownFileType = file.storyboard; name = Base; path = Base.lproj/Main.storyboard; sourceTree = "<group>"; };
		A2D5E7702A81BDB300E04690 /* Assets.xcassets */ = {isa = PBXFileReference; lastKnownFileType = folder.assetcatalog; path = Assets.xcassets; sourceTree = "<group>"; };
		A2D5E7732A81BDB300E04690 /* Base */ = {isa = PBXFileReference; lastKnownFileType = file.storyboard; name = Base; path = Base.lproj/LaunchScreen.storyboard; sourceTree = "<group>"; };
		A2D5E7752A81BDB300E04690 /* Info.plist */ = {isa = PBXFileReference; lastKnownFileType = text.plist.xml; path = Info.plist; sourceTree = "<group>"; };
		A2D5E77E2A81BE3900E04690 /* Constants.swift */ = {isa = PBXFileReference; lastKnownFileType = sourcecode.swift; path = Constants.swift; sourceTree = "<group>"; };
		A2D5E7802A81C06A00E04690 /* HomeModel.swift */ = {isa = PBXFileReference; lastKnownFileType = sourcecode.swift; path = HomeModel.swift; sourceTree = "<group>"; };
		A2D5E7822A81C07700E04690 /* HomeManager.swift */ = {isa = PBXFileReference; lastKnownFileType = sourcecode.swift; path = HomeManager.swift; sourceTree = "<group>"; };
		A2D5E7842A81C0FC00E04690 /* ItemCell.swift */ = {isa = PBXFileReference; lastKnownFileType = sourcecode.swift; path = ItemCell.swift; sourceTree = "<group>"; };
		A2D5E7862A81C10900E04690 /* BannerCell.swift */ = {isa = PBXFileReference; lastKnownFileType = sourcecode.swift; path = BannerCell.swift; sourceTree = "<group>"; };
		A2D5E7882A81C11F00E04690 /* CategoryCell.swift */ = {isa = PBXFileReference; lastKnownFileType = sourcecode.swift; path = CategoryCell.swift; sourceTree = "<group>"; };
/* End PBXFileReference section */

/* Begin PBXFrameworksBuildPhase section */
		A2D5E7612A81BDB100E04690 /* Frameworks */ = {
			isa = PBXFrameworksBuildPhase;
			buildActionMask = 2147483647;
			files = (
				9282667B739BDB66624D9303 /* Pods_testApp.framework in Frameworks */,
			);
			runOnlyForDeploymentPostprocessing = 0;
		};
/* End PBXFrameworksBuildPhase section */

/* Begin PBXGroup section */
		8A1F734CE7361DBFA2BC5A1A /* Frameworks */ = {
			isa = PBXGroup;
			children = (
				76021AC91FA6B67A0D14859D /* Pods_testApp.framework */,
			);
			name = Frameworks;
			sourceTree = "<group>";
		};
		A2D5E75B2A81BDB100E04690 = {
			isa = PBXGroup;
			children = (
				A2D5E7662A81BDB100E04690 /* testApp */,
				A2D5E7652A81BDB100E04690 /* Products */,
				E7FA7F9543063BEF1D24D69C /* Pods */,
				8A1F734CE7361DBFA2BC5A1A /* Frameworks */,
			);
			sourceTree = "<group>";
		};
		A2D5E7652A81BDB100E04690 /* Products */ = {
			isa = PBXGroup;
			children = (
				A2D5E7642A81BDB100E04690 /* testApp.app */,
			);
			name = Products;
			sourceTree = "<group>";
		};
		A2D5E7662A81BDB100E04690 /* testApp */ = {
			isa = PBXGroup;
			children = (
				A2D5E77D2A81BE0B00E04690 /* DataModel */,
				A2D5E77C2A81BDFD00E04690 /* Views */,
				A2D5E77B2A81BDF000E04690 /* Controller */,
				A2D5E7672A81BDB100E04690 /* AppDelegate.swift */,
				A2D5E7692A81BDB100E04690 /* SceneDelegate.swift */,
				A2D5E76D2A81BDB100E04690 /* Main.storyboard */,
				A2D5E7702A81BDB300E04690 /* Assets.xcassets */,
				A2D5E7722A81BDB300E04690 /* LaunchScreen.storyboard */,
				A2D5E7752A81BDB300E04690 /* Info.plist */,
				A2D5E77E2A81BE3900E04690 /* Constants.swift */,
			);
			path = testApp;
			sourceTree = "<group>";
		};
		A2D5E77B2A81BDF000E04690 /* Controller */ = {
			isa = PBXGroup;
			children = (
				A2D5E76B2A81BDB100E04690 /* ViewController.swift */,
			);
			path = Controller;
			sourceTree = "<group>";
		};
		A2D5E77C2A81BDFD00E04690 /* Views */ = {
			isa = PBXGroup;
			children = (
				A2D5E7842A81C0FC00E04690 /* ItemCell.swift */,
				A2D5E7862A81C10900E04690 /* BannerCell.swift */,
				A2D5E7882A81C11F00E04690 /* CategoryCell.swift */,
			);
			path = Views;
			sourceTree = "<group>";
		};
		A2D5E77D2A81BE0B00E04690 /* DataModel */ = {
			isa = PBXGroup;
			children = (
				A2D5E7802A81C06A00E04690 /* HomeModel.swift */,
				A2D5E7822A81C07700E04690 /* HomeManager.swift */,
			);
			path = DataModel;
			sourceTree = "<group>";
		};
		E7FA7F9543063BEF1D24D69C /* Pods */ = {
			isa = PBXGroup;
			children = (
				39AC262CE6EEE00605AF0D40 /* Pods-testApp.debug.xcconfig */,
				885DE65797DBA2192C590B15 /* Pods-testApp.release.xcconfig */,
			);
			name = Pods;
			path = Pods;
			sourceTree = "<group>";
		};
/* End PBXGroup section */

/* Begin PBXNativeTarget section */
		A2D5E7632A81BDB100E04690 /* testApp */ = {
			isa = PBXNativeTarget;
			buildConfigurationList = A2D5E7782A81BDB300E04690 /* Build configuration list for PBXNativeTarget "testApp" */;
			buildPhases = (
				2B823014F3D806B9C1D644C6 /* [CP] Check Pods Manifest.lock */,
				A2D5E7602A81BDB100E04690 /* Sources */,
				A2D5E7612A81BDB100E04690 /* Frameworks */,
				A2D5E7622A81BDB100E04690 /* Resources */,
				98DDEAD486D7D1AC9613ADAC /* [CP] Embed Pods Frameworks */,
			);
			buildRules = (
			);
			dependencies = (
			);
			name = testApp;
			productName = testApp;
			productReference = A2D5E7642A81BDB100E04690 /* testApp.app */;
			productType = "com.apple.product-type.application";
		};
/* End PBXNativeTarget section */

/* Begin PBXProject section */
		A2D5E75C2A81BDB100E04690 /* Project object */ = {
			isa = PBXProject;
			attributes = {
				BuildIndependentTargetsInParallel = 1;
				LastSwiftUpdateCheck = 1430;
				LastUpgradeCheck = 1430;
				TargetAttributes = {
					A2D5E7632A81BDB100E04690 = {
						CreatedOnToolsVersion = 14.3.1;
					};
				};
			};
			buildConfigurationList = A2D5E75F2A81BDB100E04690 /* Build configuration list for PBXProject "testApp" */;
			compatibilityVersion = "Xcode 14.0";
			developmentRegion = en;
			hasScannedForEncodings = 0;
			knownRegions = (
				en,
				Base,
			);
			mainGroup = A2D5E75B2A81BDB100E04690;
			productRefGroup = A2D5E7652A81BDB100E04690 /* Products */;
			projectDirPath = "";
			projectRoot = "";
			targets = (
				A2D5E7632A81BDB100E04690 /* testApp */,
			);
		};
/* End PBXProject section */

/* Begin PBXResourcesBuildPhase section */
		A2D5E7622A81BDB100E04690 /* Resources */ = {
			isa = PBXResourcesBuildPhase;
			buildActionMask = 2147483647;
			files = (
				A2D5E7742A81BDB300E04690 /* LaunchScreen.storyboard in Resources */,
				A2D5E7712A81BDB300E04690 /* Assets.xcassets in Resources */,
				A2D5E76F2A81BDB100E04690 /* Main.storyboard in Resources */,
			);
			runOnlyForDeploymentPostprocessing = 0;
		};
/* End PBXResourcesBuildPhase section */

/* Begin PBXShellScriptBuildPhase section */
		2B823014F3D806B9C1D644C6 /* [CP] Check Pods Manifest.lock */ = {
			isa = PBXShellScriptBuildPhase;
			buildActionMask = 2147483647;
			files = (
			);
			inputFileListPaths = (
			);
			inputPaths = (
				"${PODS_PODFILE_DIR_PATH}/Podfile.lock",
				"${PODS_ROOT}/Manifest.lock",
			);
			name = "[CP] Check Pods Manifest.lock";
			outputFileListPaths = (
			);
			outputPaths = (
				"$(DERIVED_FILE_DIR)/Pods-testApp-checkManifestLockResult.txt",
			);
			runOnlyForDeploymentPostprocessing = 0;
			shellPath = /bin/sh;
			shellScript = "diff \"${PODS_PODFILE_DIR_PATH}/Podfile.lock\" \"${PODS_ROOT}/Manifest.lock\" > /dev/null\nif [ $? != 0 ] ; then\n    # print error to STDERR\n    echo \"error: The sandbox is not in sync with the Podfile.lock. Run 'pod install' or update your CocoaPods installation.\" >&2\n    exit 1\nfi\n# This output is used by Xcode 'outputs' to avoid re-running this script phase.\necho \"SUCCESS\" > \"${SCRIPT_OUTPUT_FILE_0}\"\n";
			showEnvVarsInLog = 0;
		};
		98DDEAD486D7D1AC9613ADAC /* [CP] Embed Pods Frameworks */ = {
			isa = PBXShellScriptBuildPhase;
			buildActionMask = 2147483647;
			files = (
			);
			inputFileListPaths = (
				"${PODS_ROOT}/Target Support Files/Pods-testApp/Pods-testApp-frameworks-${CONFIGURATION}-input-files.xcfilelist",
			);
			name = "[CP] Embed Pods Frameworks";
			outputFileListPaths = (
				"${PODS_ROOT}/Target Support Files/Pods-testApp/Pods-testApp-frameworks-${CONFIGURATION}-output-files.xcfilelist",
			);
			runOnlyForDeploymentPostprocessing = 0;
			shellPath = /bin/sh;
			shellScript = "\"${PODS_ROOT}/Target Support Files/Pods-testApp/Pods-testApp-frameworks.sh\"\n";
			showEnvVarsInLog = 0;
		};
/* End PBXShellScriptBuildPhase section */

/* Begin PBXSourcesBuildPhase section */
		A2D5E7602A81BDB100E04690 /* Sources */ = {
			isa = PBXSourcesBuildPhase;
			buildActionMask = 2147483647;
			files = (
				A2D5E76C2A81BDB100E04690 /* ViewController.swift in Sources */,
				A2D5E7872A81C10900E04690 /* BannerCell.swift in Sources */,
				A2D5E7682A81BDB100E04690 /* AppDelegate.swift in Sources */,
				A2D5E76A2A81BDB100E04690 /* SceneDelegate.swift in Sources */,
				A2D5E7812A81C06A00E04690 /* HomeModel.swift in Sources */,
				A2D5E7892A81C11F00E04690 /* CategoryCell.swift in Sources */,
				A2D5E7852A81C0FC00E04690 /* ItemCell.swift in Sources */,
				A2D5E7832A81C07700E04690 /* HomeManager.swift in Sources */,
				A2D5E77F2A81BE3900E04690 /* Constants.swift in Sources */,
			);
			runOnlyForDeploymentPostprocessing = 0;
		};
/* End PBXSourcesBuildPhase section */

/* Begin PBXVariantGroup section */
		A2D5E76D2A81BDB100E04690 /* Main.storyboard */ = {
			isa = PBXVariantGroup;
			children = (
				A2D5E76E2A81BDB100E04690 /* Base */,
			);
			name = Main.storyboard;
			sourceTree = "<group>";
		};
		A2D5E7722A81BDB300E04690 /* LaunchScreen.storyboard */ = {
			isa = PBXVariantGroup;
			children = (
				A2D5E7732A81BDB300E04690 /* Base */,
			);
			name = LaunchScreen.storyboard;
			sourceTree = "<group>";
		};
/* End PBXVariantGroup section */

/* Begin XCBuildConfiguration section */
		A2D5E7762A81BDB300E04690 /* Debug */ = {
			isa = XCBuildConfiguration;
			buildSettings = {
				ALWAYS_SEARCH_USER_PATHS = NO;
				CLANG_ANALYZER_NONNULL = YES;
				CLANG_ANALYZER_NUMBER_OBJECT_CONVERSION = YES_AGGRESSIVE;
				CLANG_CXX_LANGUAGE_STANDARD = "gnu++20";
				CLANG_ENABLE_MODULES = YES;
				CLANG_ENABLE_OBJC_ARC = YES;
				CLANG_ENABLE_OBJC_WEAK = YES;
				CLANG_WARN_BLOCK_CAPTURE_AUTORELEASING = YES;
				CLANG_WARN_BOOL_CONVERSION = YES;
				CLANG_WARN_COMMA = YES;
				CLANG_WARN_CONSTANT_CONVERSION = YES;
				CLANG_WARN_DEPRECATED_OBJC_IMPLEMENTATIONS = YES;
				CLANG_WARN_DIRECT_OBJC_ISA_USAGE = YES_ERROR;
				CLANG_WARN_DOCUMENTATION_COMMENTS = YES;
				CLANG_WARN_EMPTY_BODY = YES;
				CLANG_WARN_ENUM_CONVERSION = YES;
				CLANG_WARN_INFINITE_RECURSION = YES;
				CLANG_WARN_INT_CONVERSION = YES;
				CLANG_WARN_NON_LITERAL_NULL_CONVERSION = YES;
				CLANG_WARN_OBJC_IMPLICIT_RETAIN_SELF = YES;
				CLANG_WARN_OBJC_LITERAL_CONVERSION = YES;
				CLANG_WARN_OBJC_ROOT_CLASS = YES_ERROR;
				CLANG_WARN_QUOTED_INCLUDE_IN_FRAMEWORK_HEADER = YES;
				CLANG_WARN_RANGE_LOOP_ANALYSIS = YES;
				CLANG_WARN_STRICT_PROTOTYPES = YES;
				CLANG_WARN_SUSPICIOUS_MOVE = YES;
				CLANG_WARN_UNGUARDED_AVAILABILITY = YES_AGGRESSIVE;
				CLANG_WARN_UNREACHABLE_CODE = YES;
				CLANG_WARN__DUPLICATE_METHOD_MATCH = YES;
				COPY_PHASE_STRIP = NO;
				DEBUG_INFORMATION_FORMAT = dwarf;
				ENABLE_STRICT_OBJC_MSGSEND = YES;
				ENABLE_TESTABILITY = YES;
				GCC_C_LANGUAGE_STANDARD = gnu11;
				GCC_DYNAMIC_NO_PIC = NO;
				GCC_NO_COMMON_BLOCKS = YES;
				GCC_OPTIMIZATION_LEVEL = 0;
				GCC_PREPROCESSOR_DEFINITIONS = (
					"DEBUG=1",
					"$(inherited)",
				);
				GCC_WARN_64_TO_32_BIT_CONVERSION = YES;
				GCC_WARN_ABOUT_RETURN_TYPE = YES_ERROR;
				GCC_WARN_UNDECLARED_SELECTOR = YES;
				GCC_WARN_UNINITIALIZED_AUTOS = YES_AGGRESSIVE;
				GCC_WARN_UNUSED_FUNCTION = YES;
				GCC_WARN_UNUSED_VARIABLE = YES;
				IPHONEOS_DEPLOYMENT_TARGET = 16.4;
				MTL_ENABLE_DEBUG_INFO = INCLUDE_SOURCE;
				MTL_FAST_MATH = YES;
				ONLY_ACTIVE_ARCH = YES;
				SDKROOT = iphoneos;
				SWIFT_ACTIVE_COMPILATION_CONDITIONS = DEBUG;
				SWIFT_OPTIMIZATION_LEVEL = "-Onone";
			};
			name = Debug;
		};
		A2D5E7772A81BDB300E04690 /* Release */ = {
			isa = XCBuildConfiguration;
			buildSettings = {
				ALWAYS_SEARCH_USER_PATHS = NO;
				CLANG_ANALYZER_NONNULL = YES;
				CLANG_ANALYZER_NUMBER_OBJECT_CONVERSION = YES_AGGRESSIVE;
				CLANG_CXX_LANGUAGE_STANDARD = "gnu++20";
				CLANG_ENABLE_MODULES = YES;
				CLANG_ENABLE_OBJC_ARC = YES;
				CLANG_ENABLE_OBJC_WEAK = YES;
				CLANG_WARN_BLOCK_CAPTURE_AUTORELEASING = YES;
				CLANG_WARN_BOOL_CONVERSION = YES;
				CLANG_WARN_COMMA = YES;
				CLANG_WARN_CONSTANT_CONVERSION = YES;
				CLANG_WARN_DEPRECATED_OBJC_IMPLEMENTATIONS = YES;
				CLANG_WARN_DIRECT_OBJC_ISA_USAGE = YES_ERROR;
				CLANG_WARN_DOCUMENTATION_COMMENTS = YES;
				CLANG_WARN_EMPTY_BODY = YES;
				CLANG_WARN_ENUM_CONVERSION = YES;
				CLANG_WARN_INFINITE_RECURSION = YES;
				CLANG_WARN_INT_CONVERSION = YES;
				CLANG_WARN_NON_LITERAL_NULL_CONVERSION = YES;
				CLANG_WARN_OBJC_IMPLICIT_RETAIN_SELF = YES;
				CLANG_WARN_OBJC_LITERAL_CONVERSION = YES;
				CLANG_WARN_OBJC_ROOT_CLASS = YES_ERROR;
				CLANG_WARN_QUOTED_INCLUDE_IN_FRAMEWORK_HEADER = YES;
				CLANG_WARN_RANGE_LOOP_ANALYSIS = YES;
				CLANG_WARN_STRICT_PROTOTYPES = YES;
				CLANG_WARN_SUSPICIOUS_MOVE = YES;
				CLANG_WARN_UNGUARDED_AVAILABILITY = YES_AGGRESSIVE;
				CLANG_WARN_UNREACHABLE_CODE = YES;
				CLANG_WARN__DUPLICATE_METHOD_MATCH = YES;
				COPY_PHASE_STRIP = NO;
				DEBUG_INFORMATION_FORMAT = "dwarf-with-dsym";
				ENABLE_NS_ASSERTIONS = NO;
				ENABLE_STRICT_OBJC_MSGSEND = YES;
				GCC_C_LANGUAGE_STANDARD = gnu11;
				GCC_NO_COMMON_BLOCKS = YES;
				GCC_WARN_64_TO_32_BIT_CONVERSION = YES;
				GCC_WARN_ABOUT_RETURN_TYPE = YES_ERROR;
				GCC_WARN_UNDECLARED_SELECTOR = YES;
				GCC_WARN_UNINITIALIZED_AUTOS = YES_AGGRESSIVE;
				GCC_WARN_UNUSED_FUNCTION = YES;
				GCC_WARN_UNUSED_VARIABLE = YES;
				IPHONEOS_DEPLOYMENT_TARGET = 16.4;
				MTL_ENABLE_DEBUG_INFO = NO;
				MTL_FAST_MATH = YES;
				SDKROOT = iphoneos;
				SWIFT_COMPILATION_MODE = wholemodule;
				SWIFT_OPTIMIZATION_LEVEL = "-O";
				VALIDATE_PRODUCT = YES;
			};
			name = Release;
		};
		A2D5E7792A81BDB300E04690 /* Debug */ = {
			isa = XCBuildConfiguration;
			baseConfigurationReference = 39AC262CE6EEE00605AF0D40 /* Pods-testApp.debug.xcconfig */;
			buildSettings = {
				ASSETCATALOG_COMPILER_APPICON_NAME = AppIcon;
				ASSETCATALOG_COMPILER_GLOBAL_ACCENT_COLOR_NAME = AccentColor;
				CODE_SIGN_STYLE = Automatic;
				CURRENT_PROJECT_VERSION = 1;
				GENERATE_INFOPLIST_FILE = YES;
				INFOPLIST_FILE = testApp/Info.plist;
				INFOPLIST_KEY_UIApplicationSupportsIndirectInputEvents = YES;
				INFOPLIST_KEY_UILaunchStoryboardName = LaunchScreen;
				INFOPLIST_KEY_UIMainStoryboardFile = Main;
				INFOPLIST_KEY_UISupportedInterfaceOrientations_iPad = "UIInterfaceOrientationPortrait UIInterfaceOrientationPortraitUpsideDown UIInterfaceOrientationLandscapeLeft UIInterfaceOrientationLandscapeRight";
				INFOPLIST_KEY_UISupportedInterfaceOrientations_iPhone = "UIInterfaceOrientationPortrait UIInterfaceOrientationLandscapeLeft UIInterfaceOrientationLandscapeRight";
				LD_RUNPATH_SEARCH_PATHS = (
					"$(inherited)",
					"@executable_path/Frameworks",
				);
				MARKETING_VERSION = 1.0;
				PRODUCT_BUNDLE_IDENTIFIER = com..testApp;
				PRODUCT_NAME = "$(TARGET_NAME)";
				SWIFT_EMIT_LOC_STRINGS = YES;
				SWIFT_VERSION = 5.0;
				TARGETED_DEVICE_FAMILY = "1,2";
			};
			name = Debug;
		};
		A2D5E77A2A81BDB300E04690 /* Release */ = {
			isa = XCBuildConfiguration;
			baseConfigurationReference = 885DE65797DBA2192C590B15 /* Pods-testApp.release.xcconfig */;
			buildSettings = {
				ASSETCATALOG_COMPILER_APPICON_NAME = AppIcon;
				ASSETCATALOG_COMPILER_GLOBAL_ACCENT_COLOR_NAME = AccentColor;
				CODE_SIGN_STYLE = Automatic;
				CURRENT_PROJECT_VERSION = 1;
				GENERATE_INFOPLIST_FILE = YES;
				INFOPLIST_FILE = testApp/Info.plist;
				INFOPLIST_KEY_UIApplicationSupportsIndirectInputEvents = YES;
				INFOPLIST_KEY_UILaunchStoryboardName = LaunchScreen;
				INFOPLIST_KEY_UIMainStoryboardFile = Main;
				INFOPLIST_KEY_UISupportedInterfaceOrientations_iPad = "UIInterfaceOrientationPortrait UIInterfaceOrientationPortraitUpsideDown UIInterfaceOrientationLandscapeLeft UIInterfaceOrientationLandscapeRight";
				INFOPLIST_KEY_UISupportedInterfaceOrientations_iPhone = "UIInterfaceOrientationPortrait UIInterfaceOrientationLandscapeLeft UIInterfaceOrientationLandscapeRight";
				LD_RUNPATH_SEARCH_PATHS = (
					"$(inherited)",
					"@executable_path/Frameworks",
				);
				MARKETING_VERSION = 1.0;
				PRODUCT_BUNDLE_IDENTIFIER = com..testApp;
				PRODUCT_NAME = "$(TARGET_NAME)";
				SWIFT_EMIT_LOC_STRINGS = YES;
				SWIFT_VERSION = 5.0;
				TARGETED_DEVICE_FAMILY = "1,2";
			};
			name = Release;
		};
/* End XCBuildConfiguration section */

/* Begin XCConfigurationList section */
		A2D5E75F2A81BDB100E04690 /* Build configuration list for PBXProject "testApp" */ = {
			isa = XCConfigurationList;
			buildConfigurations = (
				A2D5E7762A81BDB300E04690 /* Debug */,
				A2D5E7772A81BDB300E04690 /* Release */,
			);
			defaultConfigurationIsVisible = 0;
			defaultConfigurationName = Release;
		};
		A2D5E7782A81BDB300E04690 /* Build configuration list for PBXNativeTarget "testApp" */ = {
			isa = XCConfigurationList;
			buildConfigurations = (
				A2D5E7792A81BDB300E04690 /* Debug */,
				A2D5E77A2A81BDB300E04690 /* Release */,
			);
			defaultConfigurationIsVisible = 0;
			defaultConfigurationName = Release;
		};
/* End XCConfigurationList section */
	};
	rootObject = A2D5E75C2A81BDB100E04690 /* Project object */;
}
